
Microsoft Visual Studio Solution File, Format Version 12.00
# Visual Studio Version 17
VisualStudioVersion = 17.3.32825.248
MinimumVisualStudioVersion = 10.0.40219.1
Project("{FAE04EC0-301F-11D3-BF4B-00C04F79EFBC}") = "Examen1", "Examen1\Examen1.csproj", "{3E1A8A1C-6E0C-4DC8-BD1B-FA454F5E469B}"
EndProject
Global
	GlobalSection(SolutionConfigurationPlatforms) = preSolution
		Debug|Any CPU = Debug|Any CPU
		Release|Any CPU = Release|Any CPU
	EndGlobalSection
	GlobalSection(ProjectConfigurationPlatforms) = postSolution
		{3E1A8A1C-6E0C-4DC8-BD1B-FA454F5E469B}.Debug|Any CPU.ActiveCfg = Debug|Any CPU
		{3E1A8A1C-6E0C-4DC8-BD1B-FA454F5E469B}.Debug|Any CPU.Build.0 = Debug|Any CPU
		{3E1A8A1C-6E0C-4DC8-BD1B-FA454F5E469B}.Release|Any CPU.ActiveCfg = Release|Any CPU
		{3E1A8A1C-6E0C-4DC8-BD1B-FA454F5E469B}.Release|Any CPU.Build.0 = Release|Any CPU
	EndGlobalSection
	GlobalSection(SolutionProperties) = preSolution
		HideSolutionNode = FALSE
	EndGlobalSection
	GlobalSection(ExtensibilityGlobals) = postSolution
		SolutionGuid = {5DF81B1C-344B-4021-BD92-936546A38013}
	EndGlobalSection
EndGlobal
